<?xml version="1.0" encoding="utf-8"?>
<Project ToolsVersion="4.0" xmlns="http://schemas.microsoft.com/developer/msbuild/2003">
  <ItemGroup>
    <Filter Include="Source Files">
      <UniqueIdentifier>{4FC737F1-C7A5-4376-A066-2A32D752A2FF}</UniqueIdentifier>
      <Extensions>cpp;c;cc;cxx;def;odl;idl;hpj;bat;asm;asmx</Extensions>
    </Filter>
    <Filter Include="Header Files">
      <UniqueIdentifier>{93995380-89BD-4b04-88EB-625FBE52EBFB}</UniqueIdentifier>
      <Extensions>h;hh;hpp;hxx;hm;inl;inc;xsd</Extensions>
    </Filter>
    <Filter Include="Resource Files">
      <UniqueIdentifier>{67DA6AB6-F800-4c08-8B7A-83BB121AAD01}</UniqueIdentifier>
      <Extensions>rc;ico;cur;bmp;dlg;rc2;rct;bin;rgs;gif;jpg;jpeg;jpe;resx;tiff;tif;png;wav;mfcribbon-ms</Extensions>
    </Filter>
    <Filter Include="Header Files\Bus">
      <UniqueIdentifier>{533a7340-a5c1-4fe8-9efb-163794ddb3e7}</UniqueIdentifier>
    </Filter>
    <Filter Include="Source Files\Bus">
      <UniqueIdentifier>{85529bc7-f14e-49a3-a9b5-608953bc0e07}</UniqueIdentifier>
    </Filter>
    <Filter Include="Header Files\Cpu">
      <UniqueIdentifier>{21a22fe0-a888-4bd4-b3e5-a9783b497e04}</UniqueIdentifier>
    </Filter>
    <Filter Include="Source Files\Cpu">
      <UniqueIdentifier>{62c25f24-5fa6-49e2-9984-ed549039c39a}</UniqueIdentifier>
    </Filter>
    <Filter Include="Header Files\Roms">
      <UniqueIdentifier>{300e0b78-e99d-4764-826b-233c90875dfd}</UniqueIdentifier>
    </Filter>
    <Filter Include="Source Files\Roms">
      <UniqueIdentifier>{5f211b08-d656-4061-81d7-19a4bafb4c35}</UniqueIdentifier>
    </Filter>
    <Filter Include="Header Files\MiniZ">
      <UniqueIdentifier>{52a829ef-246b-4aa3-ad3e-18d5be9ea8ee}</UniqueIdentifier>
    </Filter>
    <Filter Include="Source Files\MiniZ">
      <UniqueIdentifier>{27343919-e009-447b-90ed-d8c60b27dbad}</UniqueIdentifier>
    </Filter>
    <Filter Include="Header Files\OS">
      <UniqueIdentifier>{79f609fe-7fb4-4c26-af66-281b983c1212}</UniqueIdentifier>
    </Filter>
    <Filter Include="Source Files\OS">
      <UniqueIdentifier>{be39b550-761f-41bc-adb9-772677dd979d}</UniqueIdentifier>
    </Filter>
    <Filter Include="Header Files\Time">
      <UniqueIdentifier>{b14e0a92-bf57-4400-b646-6ebdf8fed9a1}</UniqueIdentifier>
    </Filter>
    <Filter Include="Source Files\Time">
      <UniqueIdentifier>{ec9928f6-16df-44ef-a12c-bae201fcd73d}</UniqueIdentifier>
    </Filter>
    <Filter Include="Header Files\File">
      <UniqueIdentifier>{eab7ca04-3c6c-4dbe-bf3e-1ca3b5ff6d3a}</UniqueIdentifier>
    </Filter>
    <Filter Include="Source Files\File">
      <UniqueIdentifier>{e29bdab4-1f60-4a0f-9168-118176fa57cf}</UniqueIdentifier>
    </Filter>
    <Filter Include="Header Files\Utilities">
      <UniqueIdentifier>{2b0426b2-4476-4320-8d3a-ba5325f342b3}</UniqueIdentifier>
    </Filter>
    <Filter Include="Source Files\Utilities">
      <UniqueIdentifier>{bbad92aa-1dcc-4deb-b3f1-22f23a704cb3}</UniqueIdentifier>
    </Filter>
    <Filter Include="Header Files\System">
      <UniqueIdentifier>{e7d7e5f1-de6e-4d8b-a369-51a63b97e46b}</UniqueIdentifier>
    </Filter>
    <Filter Include="Source Files\System">
      <UniqueIdentifier>{19804d0f-a29c-4049-a84b-ce5c2cca9cb3}</UniqueIdentifier>
    </Filter>
    <Filter Include="Header Files\Ppu">
      <UniqueIdentifier>{4866c286-214c-4ca1-b974-fe8bdd87ef63}</UniqueIdentifier>
    </Filter>
    <Filter Include="Source Files\Ppu">
      <UniqueIdentifier>{b681e8b2-a83c-439d-a1ba-489e028656aa}</UniqueIdentifier>
    </Filter>
    <Filter Include="Header Files\Apu">
      <UniqueIdentifier>{dc2bd4c1-fe87-46f2-bca7-6114f701f2cc}</UniqueIdentifier>
    </Filter>
    <Filter Include="Source Files\Apu">
      <UniqueIdentifier>{349de1df-9da2-4862-9f8a-030fdbcb0757}</UniqueIdentifier>
    </Filter>
    <Filter Include="Header Files\Windows">
      <UniqueIdentifier>{01e3f10f-89d7-4888-b75f-cc07daaadee3}</UniqueIdentifier>
    </Filter>
    <Filter Include="Source Files\Windows">
      <UniqueIdentifier>{2882bba1-e33e-4e4a-81af-147f1513660a}</UniqueIdentifier>
    </Filter>
    <Filter Include="Header Files\Windows\Layout">
      <UniqueIdentifier>{7ace654b-70ea-49de-b0e3-a6433854cf3d}</UniqueIdentifier>
    </Filter>
    <Filter Include="Source Files\Windows\Layout">
      <UniqueIdentifier>{28ae08b7-e6ef-404e-badd-b32c1168171b}</UniqueIdentifier>
    </Filter>
    <Filter Include="Header Files\Windows\MainWindow">
      <UniqueIdentifier>{1fa2e0fe-96b7-4715-ae47-2a40e62d7a43}</UniqueIdentifier>
    </Filter>
    <Filter Include="Source Files\Windows\MainWindow">
      <UniqueIdentifier>{0ac217b1-a6df-42bb-b02a-7358003d8e0c}</UniqueIdentifier>
    </Filter>
    <Filter Include="Header Files\Windows\SelectRom">
      <UniqueIdentifier>{6311361a-65a0-4d6a-824b-6a1851687c7d}</UniqueIdentifier>
    </Filter>
    <Filter Include="Source Files\Windows\SelectRom">
      <UniqueIdentifier>{41500c5f-0759-4c5b-a91a-e680e5265ccb}</UniqueIdentifier>
    </Filter>
    <Filter Include="Header Files\Localization">
      <UniqueIdentifier>{77b52392-25f0-49b3-b4a2-33544ffebd17}</UniqueIdentifier>
    </Filter>
    <Filter Include="Header Files\Display">
      <UniqueIdentifier>{f0e8d94a-2b95-445d-8c33-58a826ddb258}</UniqueIdentifier>
    </Filter>
    <Filter Include="Source Files\Display">
      <UniqueIdentifier>{e3385b90-f20d-4ec0-bf32-feaef6e78880}</UniqueIdentifier>
    </Filter>
    <Filter Include="Header Files\Palette">
      <UniqueIdentifier>{2ae4939f-89b7-4018-9ebd-3870a4128a63}</UniqueIdentifier>
    </Filter>
    <Filter Include="Source Files\Palette">
      <UniqueIdentifier>{3cc40828-9399-482d-83b5-5f06e65a810a}</UniqueIdentifier>
    </Filter>
    <Filter Include="Header Files\Input">
      <UniqueIdentifier>{372e31f5-4985-48d9-a678-f5828047eac8}</UniqueIdentifier>
    </Filter>
    <Filter Include="Source Files\Input">
      <UniqueIdentifier>{83b69144-cb82-46ac-8751-b623998fa002}</UniqueIdentifier>
    </Filter>
    <Filter Include="Header Files\Mappers">
      <UniqueIdentifier>{ecadf0d8-e96d-4621-8bc4-6a92b0eccb85}</UniqueIdentifier>
    </Filter>
    <Filter Include="Source Files\Mappers">
      <UniqueIdentifier>{1cdc68fc-9220-4234-a542-0914c9a7df3b}</UniqueIdentifier>
    </Filter>
  </ItemGroup>
  <ItemGroup>
    <ClInclude Include="Src\LSNLSpiroNes.h">
      <Filter>Header Files</Filter>
    </ClInclude>
    <ClInclude Include="Src\Bus\LSNBus.h">
      <Filter>Header Files\Bus</Filter>
    </ClInclude>
    <ClInclude Include="Src\Cpu\LSNCpu6502.h">
      <Filter>Header Files\Cpu</Filter>
    </ClInclude>
    <ClInclude Include="Src\Roms\LSNNesHeader.h">
      <Filter>Header Files\Roms</Filter>
    </ClInclude>
    <ClInclude Include="Src\Roms\LSNRomConstants.h">
      <Filter>Header Files\Roms</Filter>
    </ClInclude>
    <ClInclude Include="Src\MiniZ\miniz.h">
      <Filter>Header Files\MiniZ</Filter>
    </ClInclude>
    <ClInclude Include="Src\OS\LSNWindows.h">
      <Filter>Header Files\OS</Filter>
    </ClInclude>
    <ClInclude Include="Src\Time\LSNClock.h">
      <Filter>Header Files\Time</Filter>
    </ClInclude>
    <ClInclude Include="Src\File\LSNFileBase.h">
      <Filter>Header Files\File</Filter>
    </ClInclude>
    <ClInclude Include="Src\OS\LSNOs.h">
      <Filter>Header Files\OS</Filter>
    </ClInclude>
    <ClInclude Include="Src\File\LSNStdFile.h">
      <Filter>Header Files\File</Filter>
    </ClInclude>
    <ClInclude Include="Src\File\LSNZipFile.h">
      <Filter>Header Files\File</Filter>
    </ClInclude>
    <ClInclude Include="Src\Utilities\LSNUtilities.h">
      <Filter>Header Files\Utilities</Filter>
    </ClInclude>
    <ClInclude Include="Src\Roms\LSNRom.h">
      <Filter>Header Files\Roms</Filter>
    </ClInclude>
    <ClInclude Include="Src\Roms\LSNRomInfo.h">
      <Filter>Header Files\Roms</Filter>
    </ClInclude>
    <ClInclude Include="Src\System\LSNSystem.h">
      <Filter>Header Files\System</Filter>
    </ClInclude>
    <ClInclude Include="Src\System\LSNTickable.h">
      <Filter>Header Files\System</Filter>
    </ClInclude>
    <ClInclude Include="Src\Ppu\LSNPpu2C0X.h">
      <Filter>Header Files\Ppu</Filter>
    </ClInclude>
    <ClInclude Include="Src\Apu\LSNApu2A0X.h">
      <Filter>Header Files\Apu</Filter>
    </ClInclude>
    <ClInclude Include="Src\System\LSNNmiable.h">
      <Filter>Header Files\System</Filter>
    </ClInclude>
    <ClInclude Include="Src\Windows\Layout\LSNLayoutManager.h">
      <Filter>Header Files\Windows\Layout</Filter>
    </ClInclude>
    <ClInclude Include="Src\Windows\MainWindow\LSNMainWindowLayout.h">
      <Filter>Header Files\Windows\MainWindow</Filter>
    </ClInclude>
    <ClInclude Include="Src\Windows\Layout\LSNLayoutMacros.h">
      <Filter>Header Files\Windows\Layout</Filter>
    </ClInclude>
    <ClInclude Include="Src\Windows\MainWindow\LSNMainWindow.h">
      <Filter>Header Files\Windows\MainWindow</Filter>
    </ClInclude>
    <ClInclude Include="Src\Windows\SelectRom\LSNSelectRomDialog.h">
      <Filter>Header Files\Windows\SelectRom</Filter>
    </ClInclude>
    <ClInclude Include="Src\Windows\SelectRom\LSNSelectRomDialogLayout.h">
      <Filter>Header Files\Windows\SelectRom</Filter>
    </ClInclude>
    <ClInclude Include="Src\Localization\LSNLocalization_en_us.h">
      <Filter>Header Files\Localization</Filter>
    </ClInclude>
    <ClInclude Include="Src\Localization\LSNLocalization.h">
      <Filter>Header Files\Localization</Filter>
    </ClInclude>
    <ClInclude Include="Src\Display\LSNDisplayHost.h">
      <Filter>Header Files\Display</Filter>
    </ClInclude>
    <ClInclude Include="Src\Display\LSNDisplayClient.h">
      <Filter>Header Files\Display</Filter>
    </ClInclude>
    <ClInclude Include="Src\System\LSNSystemBase.h">
      <Filter>Header Files\System</Filter>
    </ClInclude>
    <ClInclude Include="Src\Palette\LSNPalette.h">
      <Filter>Header Files\Palette</Filter>
    </ClInclude>
    <ClInclude Include="Src\Input\LSNInputPoller.h">
      <Filter>Header Files\Input</Filter>
    </ClInclude>
    <ClInclude Include="Src\Mappers\LSNMapperBase.h">
      <Filter>Header Files\Mappers</Filter>
    </ClInclude>
    <ClInclude Include="Src\Mappers\LSNMapper001.h">
      <Filter>Header Files\Mappers</Filter>
    </ClInclude>
    <ClInclude Include="Src\Mappers\LSNMapper000.h">
      <Filter>Header Files\Mappers</Filter>
    </ClInclude>
    <ClInclude Include="Src\Mappers\LSNAllMappers.h">
      <Filter>Header Files\Mappers</Filter>
    </ClInclude>
    <ClInclude Include="Src\Mappers\LSNMapper003.h">
      <Filter>Header Files\Mappers</Filter>
    </ClInclude>
  </ItemGroup>
  <ItemGroup>
    <ClCompile Include="Src\LSNLSpiroNes.cpp">
      <Filter>Source Files</Filter>
    </ClCompile>
    <ClCompile Include="Src\Bus\LSNBus.cpp">
      <Filter>Source Files\Bus</Filter>
    </ClCompile>
    <ClCompile Include="Src\Cpu\LSNCpu6502.cpp">
      <Filter>Source Files\Cpu</Filter>
    </ClCompile>
    <ClCompile Include="Src\MiniZ\miniz.c">
      <Filter>Source Files\MiniZ</Filter>
    </ClCompile>
    <ClCompile Include="Src\Time\LSNClock.cpp">
      <Filter>Source Files\Time</Filter>
    </ClCompile>
    <ClCompile Include="Src\File\LSNFileBase.cpp">
      <Filter>Source Files\File</Filter>
    </ClCompile>
    <ClCompile Include="Src\File\LSNStdFile.cpp">
      <Filter>Source Files\File</Filter>
    </ClCompile>
    <ClCompile Include="Src\File\LSNZipFile.cpp">
      <Filter>Source Files\File</Filter>
    </ClCompile>
    <ClCompile Include="Src\Utilities\LSNUtilities.cpp">
      <Filter>Source Files\Utilities</Filter>
    </ClCompile>
    <ClCompile Include="Src\Roms\LSNRom.cpp">
      <Filter>Source Files\Roms</Filter>
    </ClCompile>
    <ClCompile Include="Src\Roms\LSNRomInfo.cpp">
      <Filter>Source Files\Roms</Filter>
    </ClCompile>
    <ClCompile Include="Src\System\LSNSystem.cpp">
      <Filter>Source Files\System</Filter>
    </ClCompile>
    <ClCompile Include="Src\Ppu\LSNPpu2C0X.cpp">
      <Filter>Source Files\Ppu</Filter>
    </ClCompile>
    <ClCompile Include="Src\Apu\LSNApu2A0X.cpp">
      <Filter>Source Files\Apu</Filter>
    </ClCompile>
    <ClCompile Include="Src\Windows\Layout\LSNLayoutManager.cpp">
      <Filter>Source Files\Windows\Layout</Filter>
    </ClCompile>
    <ClCompile Include="Src\Windows\MainWindow\LSNMainWindowLayout.cpp">
      <Filter>Source Files\Windows\MainWindow</Filter>
    </ClCompile>
    <ClCompile Include="Src\Windows\MainWindow\LSNMainWindow.cpp">
      <Filter>Source Files\Windows\MainWindow</Filter>
    </ClCompile>
    <ClCompile Include="Src\Windows\SelectRom\LSNSelectRomDialog.cpp">
      <Filter>Source Files\Windows\SelectRom</Filter>
    </ClCompile>
    <ClCompile Include="Src\Windows\SelectRom\LSNSelectRomDialogLayout.cpp">
      <Filter>Source Files\Windows\SelectRom</Filter>
    </ClCompile>
    <ClCompile Include="Src\Display\LSNDisplayClient.cpp">
      <Filter>Source Files\Display</Filter>
    </ClCompile>
    <ClCompile Include="Src\Display\LSNDisplayHost.cpp">
      <Filter>Source Files\Display</Filter>
    </ClCompile>
    <ClCompile Include="Src\Mappers\LSNMapperBase.cpp">
      <Filter>Source Files\Mappers</Filter>
    </ClCompile>
    <ClCompile Include="Src\Mappers\LSNMapper000.cpp">
      <Filter>Source Files\Mappers</Filter>
    </ClCompile>
    <ClCompile Include="Src\Mappers\LSNMapper003.cpp">
      <Filter>Source Files\Mappers</Filter>
    </ClCompile>
  </ItemGroup>
  <ItemGroup>
    <None Include="Src\Cpu\LSNInstMetaData.inl">
      <Filter>Header Files\Cpu</Filter>
    </None>
  </ItemGroup>
  <ItemGroup>
    <Manifest Include="L. Spiro NES.exe.intermediate.manifest">
      <Filter>Resource Files</Filter>
    </Manifest>
  </ItemGroup>
  <ItemGroup>
    <Text Include="Src\Localization\LSNLanguageCodes.txt">
      <Filter>Header Files\Localization</Filter>
    </Text>
  </ItemGroup>
</Project>