<?xml version="1.0" encoding="utf-8"?>
<Project ToolsVersion="4.0" xmlns="http://schemas.microsoft.com/developer/msbuild/2003">
  <ItemGroup>
    <Filter Include="Source Files">
      <UniqueIdentifier>{4FC737F1-C7A5-4376-A066-2A32D752A2FF}</UniqueIdentifier>
      <Extensions>cpp;c;cc;cxx;def;odl;idl;hpj;bat;asm;asmx</Extensions>
    </Filter>
    <Filter Include="Header Files">
      <UniqueIdentifier>{93995380-89BD-4b04-88EB-625FBE52EBFB}</UniqueIdentifier>
      <Extensions>h;hh;hpp;hxx;hm;inl;inc;xsd</Extensions>
    </Filter>
    <Filter Include="Resource Files">
      <UniqueIdentifier>{67DA6AB6-F800-4c08-8B7A-83BB121AAD01}</UniqueIdentifier>
      <Extensions>rc;ico;cur;bmp;dlg;rc2;rct;bin;rgs;gif;jpg;jpeg;jpe;resx;tiff;tif;png;wav;mfcribbon-ms</Extensions>
    </Filter>
    <Filter Include="Header Files\Bus">
      <UniqueIdentifier>{533a7340-a5c1-4fe8-9efb-163794ddb3e7}</UniqueIdentifier>
    </Filter>
    <Filter Include="Source Files\Bus">
      <UniqueIdentifier>{85529bc7-f14e-49a3-a9b5-608953bc0e07}</UniqueIdentifier>
    </Filter>
    <Filter Include="Header Files\Cpu">
      <UniqueIdentifier>{21a22fe0-a888-4bd4-b3e5-a9783b497e04}</UniqueIdentifier>
    </Filter>
    <Filter Include="Source Files\Cpu">
      <UniqueIdentifier>{62c25f24-5fa6-49e2-9984-ed549039c39a}</UniqueIdentifier>
    </Filter>
    <Filter Include="Header Files\Roms">
      <UniqueIdentifier>{300e0b78-e99d-4764-826b-233c90875dfd}</UniqueIdentifier>
    </Filter>
    <Filter Include="Source Files\Roms">
      <UniqueIdentifier>{5f211b08-d656-4061-81d7-19a4bafb4c35}</UniqueIdentifier>
    </Filter>
    <Filter Include="Header Files\MiniZ">
      <UniqueIdentifier>{52a829ef-246b-4aa3-ad3e-18d5be9ea8ee}</UniqueIdentifier>
    </Filter>
    <Filter Include="Source Files\MiniZ">
      <UniqueIdentifier>{27343919-e009-447b-90ed-d8c60b27dbad}</UniqueIdentifier>
    </Filter>
    <Filter Include="Header Files\OS">
      <UniqueIdentifier>{79f609fe-7fb4-4c26-af66-281b983c1212}</UniqueIdentifier>
    </Filter>
    <Filter Include="Source Files\OS">
      <UniqueIdentifier>{be39b550-761f-41bc-adb9-772677dd979d}</UniqueIdentifier>
    </Filter>
    <Filter Include="Header Files\Time">
      <UniqueIdentifier>{b14e0a92-bf57-4400-b646-6ebdf8fed9a1}</UniqueIdentifier>
    </Filter>
    <Filter Include="Source Files\Time">
      <UniqueIdentifier>{ec9928f6-16df-44ef-a12c-bae201fcd73d}</UniqueIdentifier>
    </Filter>
    <Filter Include="Header Files\File">
      <UniqueIdentifier>{eab7ca04-3c6c-4dbe-bf3e-1ca3b5ff6d3a}</UniqueIdentifier>
    </Filter>
    <Filter Include="Source Files\File">
      <UniqueIdentifier>{e29bdab4-1f60-4a0f-9168-118176fa57cf}</UniqueIdentifier>
    </Filter>
    <Filter Include="Header Files\Utilities">
      <UniqueIdentifier>{2b0426b2-4476-4320-8d3a-ba5325f342b3}</UniqueIdentifier>
    </Filter>
    <Filter Include="Source Files\Utilities">
      <UniqueIdentifier>{bbad92aa-1dcc-4deb-b3f1-22f23a704cb3}</UniqueIdentifier>
    </Filter>
    <Filter Include="Header Files\System">
      <UniqueIdentifier>{e7d7e5f1-de6e-4d8b-a369-51a63b97e46b}</UniqueIdentifier>
    </Filter>
    <Filter Include="Source Files\System">
      <UniqueIdentifier>{19804d0f-a29c-4049-a84b-ce5c2cca9cb3}</UniqueIdentifier>
    </Filter>
    <Filter Include="Header Files\Ppu">
      <UniqueIdentifier>{4866c286-214c-4ca1-b974-fe8bdd87ef63}</UniqueIdentifier>
    </Filter>
    <Filter Include="Source Files\Ppu">
      <UniqueIdentifier>{b681e8b2-a83c-439d-a1ba-489e028656aa}</UniqueIdentifier>
    </Filter>
    <Filter Include="Header Files\Apu">
      <UniqueIdentifier>{dc2bd4c1-fe87-46f2-bca7-6114f701f2cc}</UniqueIdentifier>
    </Filter>
    <Filter Include="Source Files\Apu">
      <UniqueIdentifier>{349de1df-9da2-4862-9f8a-030fdbcb0757}</UniqueIdentifier>
    </Filter>
    <Filter Include="Header Files\Windows">
      <UniqueIdentifier>{01e3f10f-89d7-4888-b75f-cc07daaadee3}</UniqueIdentifier>
    </Filter>
    <Filter Include="Source Files\Windows">
      <UniqueIdentifier>{2882bba1-e33e-4e4a-81af-147f1513660a}</UniqueIdentifier>
    </Filter>
    <Filter Include="Header Files\Windows\Layout">
      <UniqueIdentifier>{7ace654b-70ea-49de-b0e3-a6433854cf3d}</UniqueIdentifier>
    </Filter>
    <Filter Include="Source Files\Windows\Layout">
      <UniqueIdentifier>{28ae08b7-e6ef-404e-badd-b32c1168171b}</UniqueIdentifier>
    </Filter>
    <Filter Include="Header Files\Windows\MainWindow">
      <UniqueIdentifier>{1fa2e0fe-96b7-4715-ae47-2a40e62d7a43}</UniqueIdentifier>
    </Filter>
    <Filter Include="Source Files\Windows\MainWindow">
      <UniqueIdentifier>{0ac217b1-a6df-42bb-b02a-7358003d8e0c}</UniqueIdentifier>
    </Filter>
    <Filter Include="Header Files\Windows\SelectRom">
      <UniqueIdentifier>{6311361a-65a0-4d6a-824b-6a1851687c7d}</UniqueIdentifier>
    </Filter>
    <Filter Include="Source Files\Windows\SelectRom">
      <UniqueIdentifier>{41500c5f-0759-4c5b-a91a-e680e5265ccb}</UniqueIdentifier>
    </Filter>
    <Filter Include="Header Files\Localization">
      <UniqueIdentifier>{77b52392-25f0-49b3-b4a2-33544ffebd17}</UniqueIdentifier>
    </Filter>
    <Filter Include="Header Files\Display">
      <UniqueIdentifier>{f0e8d94a-2b95-445d-8c33-58a826ddb258}</UniqueIdentifier>
    </Filter>
    <Filter Include="Source Files\Display">
      <UniqueIdentifier>{e3385b90-f20d-4ec0-bf32-feaef6e78880}</UniqueIdentifier>
    </Filter>
    <Filter Include="Header Files\Palette">
      <UniqueIdentifier>{2ae4939f-89b7-4018-9ebd-3870a4128a63}</UniqueIdentifier>
    </Filter>
    <Filter Include="Source Files\Palette">
      <UniqueIdentifier>{3cc40828-9399-482d-83b5-5f06e65a810a}</UniqueIdentifier>
    </Filter>
    <Filter Include="Header Files\Input">
      <UniqueIdentifier>{372e31f5-4985-48d9-a678-f5828047eac8}</UniqueIdentifier>
    </Filter>
    <Filter Include="Source Files\Input">
      <UniqueIdentifier>{83b69144-cb82-46ac-8751-b623998fa002}</UniqueIdentifier>
    </Filter>
    <Filter Include="Header Files\Mappers">
      <UniqueIdentifier>{ecadf0d8-e96d-4621-8bc4-6a92b0eccb85}</UniqueIdentifier>
    </Filter>
    <Filter Include="Source Files\Mappers">
      <UniqueIdentifier>{1cdc68fc-9220-4234-a542-0914c9a7df3b}</UniqueIdentifier>
    </Filter>
    <Filter Include="Header Files\Crc">
      <UniqueIdentifier>{e85c30ea-abee-40a2-9a40-1e26d25bb49b}</UniqueIdentifier>
    </Filter>
    <Filter Include="Source Files\Crc">
      <UniqueIdentifier>{23230c31-825a-4647-83e4-04e4da1ce932}</UniqueIdentifier>
    </Filter>
    <Filter Include="Header Files\Database">
      <UniqueIdentifier>{56f2df96-b4be-4930-801f-c67946c8eda2}</UniqueIdentifier>
    </Filter>
    <Filter Include="Source Files\Database">
      <UniqueIdentifier>{f58d992c-d190-479a-871d-60a2b4be23b7}</UniqueIdentifier>
    </Filter>
    <Filter Include="Header Files\Filters">
      <UniqueIdentifier>{3e310ba7-5655-4b4d-8970-cdfbc849de25}</UniqueIdentifier>
    </Filter>
    <Filter Include="Source Files\Filters">
      <UniqueIdentifier>{e864c31c-dc8b-4f37-9b57-4ef6cd3e775d}</UniqueIdentifier>
    </Filter>
    <Filter Include="Header Files\Filters\nes_ntsc">
      <UniqueIdentifier>{2840a11a-9ab0-4985-b2c3-6b8f349aecb3}</UniqueIdentifier>
    </Filter>
    <Filter Include="Source Files\Filters\nes_ntsc">
      <UniqueIdentifier>{ecd4b4b3-d9e0-45b2-9c5d-e375e9510790}</UniqueIdentifier>
    </Filter>
    <Filter Include="Header Files\Windows\Input">
      <UniqueIdentifier>{fafe5705-e363-4821-8c66-5dc5a5fef601}</UniqueIdentifier>
    </Filter>
    <Filter Include="Source Files\Windows\Input">
      <UniqueIdentifier>{d8a39256-479d-4169-8c56-2773034b5bbc}</UniqueIdentifier>
    </Filter>
    <Filter Include="Header Files\Audio">
      <UniqueIdentifier>{307d8748-cc04-4e2d-8868-b86a271f7fda}</UniqueIdentifier>
    </Filter>
    <Filter Include="Source Files\Audio">
      <UniqueIdentifier>{941a09b5-aa50-4d3a-b8e6-838003208b2e}</UniqueIdentifier>
    </Filter>
    <Filter Include="Header Files\Event">
      <UniqueIdentifier>{d239a0c2-6775-4b25-88ba-31a0cefcca6b}</UniqueIdentifier>
    </Filter>
    <Filter Include="Source Files\Event">
      <UniqueIdentifier>{0254f3f7-6c22-45af-990b-61a306b757a1}</UniqueIdentifier>
    </Filter>
    <Filter Include="Header Files\Windows\Templates">
      <UniqueIdentifier>{cd779f3d-bb26-481d-b675-02a958aea002}</UniqueIdentifier>
    </Filter>
    <Filter Include="Source Files\Windows\Templates">
      <UniqueIdentifier>{4633becc-342a-4372-84c0-c9f2e3092487}</UniqueIdentifier>
    </Filter>
    <Filter Include="Header Files\BeesNES">
      <UniqueIdentifier>{c44814a3-6183-4aec-ba51-4d1dbc6e9ecc}</UniqueIdentifier>
    </Filter>
    <Filter Include="Source Files\BeesNES">
      <UniqueIdentifier>{29d0ece8-e484-4b32-b0c8-cd5c493fe17a}</UniqueIdentifier>
    </Filter>
    <Filter Include="Header Files\Filters\NTSC-CRT-Full">
      <UniqueIdentifier>{26848e16-470e-4f09-9bd3-a2e1c296c96b}</UniqueIdentifier>
    </Filter>
    <Filter Include="Source Files\Filters\NTSC-CRT-Full">
      <UniqueIdentifier>{268c0513-491b-4162-a17a-5b8b906bdd52}</UniqueIdentifier>
    </Filter>
    <Filter Include="Header Files\Windows\WinUtilities">
      <UniqueIdentifier>{f20f2d42-65af-4c60-8ebd-10cd4001ca45}</UniqueIdentifier>
    </Filter>
    <Filter Include="Source Files\Windows\WinUtilities">
      <UniqueIdentifier>{3e8cc7f7-0c59-48f9-a253-4c52fbce9559}</UniqueIdentifier>
    </Filter>
    <Filter Include="Header Files\Options">
      <UniqueIdentifier>{73fc5b59-dc14-4a92-af0d-7176501b4c16}</UniqueIdentifier>
    </Filter>
    <Filter Include="Source Files\Options">
      <UniqueIdentifier>{24bcd07a-b288-45a0-ad04-32aca4bd6927}</UniqueIdentifier>
    </Filter>
    <Filter Include="Header Files\Filters\PAL-CRT-Full">
      <UniqueIdentifier>{6809e454-d23d-4ec1-9886-906f8eb412b0}</UniqueIdentifier>
    </Filter>
    <Filter Include="Source Files\Filters\PAL-CRT-Full">
      <UniqueIdentifier>{52e65cb8-c92c-4c20-af57-4f20bac8da9e}</UniqueIdentifier>
    </Filter>
  </ItemGroup>
  <ItemGroup>
    <ClInclude Include="Src\LSNLSpiroNes.h">
      <Filter>Header Files</Filter>
    </ClInclude>
    <ClInclude Include="Src\Bus\LSNBus.h">
      <Filter>Header Files\Bus</Filter>
    </ClInclude>
    <ClInclude Include="Src\Cpu\LSNCpu6502.h">
      <Filter>Header Files\Cpu</Filter>
    </ClInclude>
    <ClInclude Include="Src\Roms\LSNNesHeader.h">
      <Filter>Header Files\Roms</Filter>
    </ClInclude>
    <ClInclude Include="Src\Roms\LSNRomConstants.h">
      <Filter>Header Files\Roms</Filter>
    </ClInclude>
    <ClInclude Include="Src\MiniZ\miniz.h">
      <Filter>Header Files\MiniZ</Filter>
    </ClInclude>
    <ClInclude Include="Src\OS\LSNWindows.h">
      <Filter>Header Files\OS</Filter>
    </ClInclude>
    <ClInclude Include="Src\Time\LSNClock.h">
      <Filter>Header Files\Time</Filter>
    </ClInclude>
    <ClInclude Include="Src\File\LSNFileBase.h">
      <Filter>Header Files\File</Filter>
    </ClInclude>
    <ClInclude Include="Src\OS\LSNOs.h">
      <Filter>Header Files\OS</Filter>
    </ClInclude>
    <ClInclude Include="Src\File\LSNStdFile.h">
      <Filter>Header Files\File</Filter>
    </ClInclude>
    <ClInclude Include="Src\File\LSNZipFile.h">
      <Filter>Header Files\File</Filter>
    </ClInclude>
    <ClInclude Include="Src\Utilities\LSNUtilities.h">
      <Filter>Header Files\Utilities</Filter>
    </ClInclude>
    <ClInclude Include="Src\Roms\LSNRom.h">
      <Filter>Header Files\Roms</Filter>
    </ClInclude>
    <ClInclude Include="Src\Roms\LSNRomInfo.h">
      <Filter>Header Files\Roms</Filter>
    </ClInclude>
    <ClInclude Include="Src\System\LSNSystem.h">
      <Filter>Header Files\System</Filter>
    </ClInclude>
    <ClInclude Include="Src\System\LSNTickable.h">
      <Filter>Header Files\System</Filter>
    </ClInclude>
    <ClInclude Include="Src\Ppu\LSNPpu2C0X.h">
      <Filter>Header Files\Ppu</Filter>
    </ClInclude>
    <ClInclude Include="Src\Apu\LSNApu2A0X.h">
      <Filter>Header Files\Apu</Filter>
    </ClInclude>
    <ClInclude Include="Src\Windows\Layout\LSNLayoutManager.h">
      <Filter>Header Files\Windows\Layout</Filter>
    </ClInclude>
    <ClInclude Include="Src\Windows\MainWindow\LSNMainWindowLayout.h">
      <Filter>Header Files\Windows\MainWindow</Filter>
    </ClInclude>
    <ClInclude Include="Src\Windows\Layout\LSNLayoutMacros.h">
      <Filter>Header Files\Windows\Layout</Filter>
    </ClInclude>
    <ClInclude Include="Src\Windows\MainWindow\LSNMainWindow.h">
      <Filter>Header Files\Windows\MainWindow</Filter>
    </ClInclude>
    <ClInclude Include="Src\Windows\SelectRom\LSNSelectRomDialog.h">
      <Filter>Header Files\Windows\SelectRom</Filter>
    </ClInclude>
    <ClInclude Include="Src\Windows\SelectRom\LSNSelectRomDialogLayout.h">
      <Filter>Header Files\Windows\SelectRom</Filter>
    </ClInclude>
    <ClInclude Include="Src\Localization\LSNLocalization_en_us.h">
      <Filter>Header Files\Localization</Filter>
    </ClInclude>
    <ClInclude Include="Src\Localization\LSNLocalization.h">
      <Filter>Header Files\Localization</Filter>
    </ClInclude>
    <ClInclude Include="Src\Display\LSNDisplayHost.h">
      <Filter>Header Files\Display</Filter>
    </ClInclude>
    <ClInclude Include="Src\Display\LSNDisplayClient.h">
      <Filter>Header Files\Display</Filter>
    </ClInclude>
    <ClInclude Include="Src\System\LSNSystemBase.h">
      <Filter>Header Files\System</Filter>
    </ClInclude>
    <ClInclude Include="Src\Palette\LSNPalette.h">
      <Filter>Header Files\Palette</Filter>
    </ClInclude>
    <ClInclude Include="Src\Input\LSNInputPoller.h">
      <Filter>Header Files\Input</Filter>
    </ClInclude>
    <ClInclude Include="Src\Mappers\LSNMapperBase.h">
      <Filter>Header Files\Mappers</Filter>
    </ClInclude>
    <ClInclude Include="Src\Mappers\LSNMapper001.h">
      <Filter>Header Files\Mappers</Filter>
    </ClInclude>
    <ClInclude Include="Src\Mappers\LSNMapper000.h">
      <Filter>Header Files\Mappers</Filter>
    </ClInclude>
    <ClInclude Include="Src\Mappers\LSNAllMappers.h">
      <Filter>Header Files\Mappers</Filter>
    </ClInclude>
    <ClInclude Include="Src\Mappers\LSNMapper003.h">
      <Filter>Header Files\Mappers</Filter>
    </ClInclude>
    <ClInclude Include="Src\Mappers\LSNMapper002.h">
      <Filter>Header Files\Mappers</Filter>
    </ClInclude>
    <ClInclude Include="Src\Mappers\LSNMapper094.h">
      <Filter>Header Files\Mappers</Filter>
    </ClInclude>
    <ClInclude Include="Src\Mappers\LSNMapper075.h">
      <Filter>Header Files\Mappers</Filter>
    </ClInclude>
    <ClInclude Include="Src\Mappers\LSNMapper007.h">
      <Filter>Header Files\Mappers</Filter>
    </ClInclude>
    <ClInclude Include="Src\Mappers\LSNMapperXXX.h">
      <Filter>Header Files\Mappers</Filter>
    </ClInclude>
    <ClInclude Include="Src\Mappers\LSNMapper009.h">
      <Filter>Header Files\Mappers</Filter>
    </ClInclude>
    <ClInclude Include="Src\Mappers\LSNMapper010.h">
      <Filter>Header Files\Mappers</Filter>
    </ClInclude>
    <ClInclude Include="Src\Mappers\LSNMapper066.h">
      <Filter>Header Files\Mappers</Filter>
    </ClInclude>
    <ClInclude Include="Src\Mappers\LSNMapper087.h">
      <Filter>Header Files\Mappers</Filter>
    </ClInclude>
    <ClInclude Include="Src\Mappers\LSNMapper184.h">
      <Filter>Header Files\Mappers</Filter>
    </ClInclude>
    <ClInclude Include="Src\Mappers\LSNMapper032.h">
      <Filter>Header Files\Mappers</Filter>
    </ClInclude>
    <ClInclude Include="Src\Crc\LSNCrc.h">
      <Filter>Header Files\Crc</Filter>
    </ClInclude>
    <ClInclude Include="Src\Mappers\LSNMapper097.h">
      <Filter>Header Files\Mappers</Filter>
    </ClInclude>
    <ClInclude Include="Src\Mappers\LSNMapper077.h">
      <Filter>Header Files\Mappers</Filter>
    </ClInclude>
    <ClInclude Include="Src\Mappers\LSNMapper078.h">
      <Filter>Header Files\Mappers</Filter>
    </ClInclude>
    <ClInclude Include="Src\Mappers\LSNMapper079.h">
      <Filter>Header Files\Mappers</Filter>
    </ClInclude>
    <ClInclude Include="Src\Mappers\LSNMapper080.h">
      <Filter>Header Files\Mappers</Filter>
    </ClInclude>
    <ClInclude Include="Src\Mappers\LSNMapper081.h">
      <Filter>Header Files\Mappers</Filter>
    </ClInclude>
    <ClInclude Include="Src\Mappers\LSNMapper089.h">
      <Filter>Header Files\Mappers</Filter>
    </ClInclude>
    <ClInclude Include="Src\Mappers\LSNMapper092.h">
      <Filter>Header Files\Mappers</Filter>
    </ClInclude>
    <ClInclude Include="Src\Mappers\LSNMapper072.h">
      <Filter>Header Files\Mappers</Filter>
    </ClInclude>
    <ClInclude Include="Src\Mappers\LSNMapper093.h">
      <Filter>Header Files\Mappers</Filter>
    </ClInclude>
    <ClInclude Include="Src\Database\LSNDatabase.h">
      <Filter>Header Files\Database</Filter>
    </ClInclude>
    <ClInclude Include="Src\Mappers\LSNMapper095.h">
      <Filter>Header Files\Mappers</Filter>
    </ClInclude>
    <ClInclude Include="Src\Mappers\LSNMapper112.h">
      <Filter>Header Files\Mappers</Filter>
    </ClInclude>
    <ClInclude Include="Src\Mappers\LSNMapper113.h">
      <Filter>Header Files\Mappers</Filter>
    </ClInclude>
    <ClInclude Include="Src\Filters\nes_ntsc\nes_ntsc.h">
      <Filter>Header Files\Filters\nes_ntsc</Filter>
    </ClInclude>
    <ClInclude Include="Src\Filters\nes_ntsc\nes_ntsc_config.h">
      <Filter>Header Files\Filters\nes_ntsc</Filter>
    </ClInclude>
    <ClInclude Include="Src\Filters\nes_ntsc\nes_ntsc_impl.h">
      <Filter>Header Files\Filters\nes_ntsc</Filter>
    </ClInclude>
    <ClInclude Include="Src\Mappers\LSNMapper041.h">
      <Filter>Header Files\Mappers</Filter>
    </ClInclude>
    <ClInclude Include="Src\Windows\Input\LSNInputWindowLayout.h">
      <Filter>Header Files\Windows\Input</Filter>
    </ClInclude>
    <ClInclude Include="Src\Mappers\LSNMapper033.h">
      <Filter>Header Files\Mappers</Filter>
    </ClInclude>
    <ClInclude Include="Src\Mappers\LSNMapper034.h">
      <Filter>Header Files\Mappers</Filter>
    </ClInclude>
    <ClInclude Include="Src\Cpu\LSNCpuBase.h">
      <Filter>Header Files\Cpu</Filter>
    </ClInclude>
    <ClInclude Include="Src\Mappers\LSNMapper036.h">
      <Filter>Header Files\Mappers</Filter>
    </ClInclude>
    <ClInclude Include="Src\Mappers\LSNMapper038.h">
      <Filter>Header Files\Mappers</Filter>
    </ClInclude>
    <ClInclude Include="Src\Audio\LSNOpenAl.h">
      <Filter>Header Files\Audio</Filter>
    </ClInclude>
    <ClInclude Include="Src\Mappers\LSNMapper132.h">
      <Filter>Header Files\Mappers</Filter>
    </ClInclude>
    <ClInclude Include="Src\Audio\LSNOpenAlDevice.h">
      <Filter>Header Files\Audio</Filter>
    </ClInclude>
    <ClInclude Include="Src\Audio\LSNOpenAlGetError.h">
      <Filter>Header Files\Audio</Filter>
    </ClInclude>
    <ClInclude Include="Src\Audio\LSNOpenAlInclude.h">
      <Filter>Header Files\Audio</Filter>
    </ClInclude>
    <ClInclude Include="Src\Mappers\LSNMapper232.h">
      <Filter>Header Files\Mappers</Filter>
    </ClInclude>
    <ClInclude Include="Src\Mappers\LSNMapper011.h">
      <Filter>Header Files\Mappers</Filter>
    </ClInclude>
    <ClInclude Include="Src\Mappers\LSNMapper068.h">
      <Filter>Header Files\Mappers</Filter>
    </ClInclude>
    <ClInclude Include="Src\Mappers\LSNMapper004.h">
      <Filter>Header Files\Mappers</Filter>
    </ClInclude>
    <ClInclude Include="Src\Filters\LSNFilterBase.h">
      <Filter>Header Files\Filters</Filter>
    </ClInclude>
    <ClInclude Include="Src\Filters\LSNNtscBlarggFilter.h">
      <Filter>Header Files\Filters</Filter>
    </ClInclude>
    <ClInclude Include="Src\Filters\LSNRgb24Filter.h">
      <Filter>Header Files\Filters</Filter>
    </ClInclude>
    <ClInclude Include="Src\Filters\LSNPalBlarggFilter.h">
      <Filter>Header Files\Filters</Filter>
    </ClInclude>
    <ClInclude Include="Src\Input\LSNDirectInput8.h">
      <Filter>Header Files\Input</Filter>
    </ClInclude>
    <ClInclude Include="Src\Input\LSNDirectInputDevice8.h">
      <Filter>Header Files\Input</Filter>
    </ClInclude>
    <ClInclude Include="Src\Input\LSNUsbControllerBase.h">
      <Filter>Header Files\Input</Filter>
    </ClInclude>
    <ClInclude Include="Src\Input\LSNDirectInput8Controller.h">
      <Filter>Header Files\Input</Filter>
    </ClInclude>
    <ClInclude Include="Src\Input\LSNWindowsKeyboard.h">
      <Filter>Header Files\Input</Filter>
    </ClInclude>
    <ClInclude Include="Src\Event\LSNEvent.h">
      <Filter>Header Files\Event</Filter>
    </ClInclude>
    <ClInclude Include="Src\Mappers\LSNMapper136.h">
      <Filter>Header Files\Mappers</Filter>
    </ClInclude>
    <ClInclude Include="Src\Windows\Input\LSNInputWindow.h">
      <Filter>Header Files\Windows\Input</Filter>
    </ClInclude>
    <ClInclude Include="Src\Windows\Input\LSNInputPage.h">
      <Filter>Header Files\Windows\Input</Filter>
    </ClInclude>
    <ClInclude Include="Src\Filters\LSNPostProcessBase.h">
      <Filter>Header Files\Filters</Filter>
    </ClInclude>
    <ClInclude Include="Src\Filters\LSNBiLinearPostProcess.h">
      <Filter>Header Files\Filters</Filter>
    </ClInclude>
    <ClInclude Include="resource.h">
      <Filter>Header Files</Filter>
    </ClInclude>
    <ClInclude Include="Src\Windows\Templates\LSNTemplatePage.h">
      <Filter>Header Files\Windows\Templates</Filter>
    </ClInclude>
    <ClInclude Include="Src\BeesNES\LSNBeesNes.h">
      <Filter>Header Files\BeesNES</Filter>
    </ClInclude>
    <ClInclude Include="Src\Filters\NTSC-CRT-Full\crt_core.h">
      <Filter>Header Files\Filters\NTSC-CRT-Full</Filter>
    </ClInclude>
    <ClInclude Include="Src\Filters\NTSC-CRT-Full\crt_nes.h">
      <Filter>Header Files\Filters\NTSC-CRT-Full</Filter>
    </ClInclude>
    <ClInclude Include="Src\Filters\NTSC-CRT-Full\crt_ntsc.h">
      <Filter>Header Files\Filters\NTSC-CRT-Full</Filter>
    </ClInclude>
    <ClInclude Include="Src\Filters\LSNNtscCrtFullFilter.h">
      <Filter>Header Files\Filters</Filter>
    </ClInclude>
    <ClInclude Include="Src\Windows\WinUtilities\LSNWinUtilities.h">
      <Filter>Header Files\Windows\WinUtilities</Filter>
    </ClInclude>
    <ClInclude Include="Src\Windows\Input\LSNInputConfigurePage.h">
      <Filter>Header Files\Windows\Input</Filter>
    </ClInclude>
    <ClInclude Include="Src\Utilities\LSNPerformance.h">
      <Filter>Header Files\Utilities</Filter>
    </ClInclude>
    <ClInclude Include="Src\Options\LSNOptions.h">
      <Filter>Header Files\Options</Filter>
    </ClInclude>
    <ClInclude Include="Src\Options\LSNInputOptions.h">
      <Filter>Header Files\Options</Filter>
    </ClInclude>
    <ClInclude Include="Src\Utilities\LSNStream.h">
      <Filter>Header Files\Utilities</Filter>
    </ClInclude>
    <ClInclude Include="Src\Windows\Input\LSNControllerSetupWindow.h">
      <Filter>Header Files\Windows\Input</Filter>
    </ClInclude>
    <ClInclude Include="Src\Windows\Input\LSNControllerSetupWindowLayout.h">
      <Filter>Header Files\Windows\Input</Filter>
    </ClInclude>
    <ClInclude Include="Src\Filters\LSNSrgbPostProcess.h">
      <Filter>Header Files\Filters</Filter>
    </ClInclude>
    <ClInclude Include="Src\Filters\LSNBleedPostProcess.h">
      <Filter>Header Files\Filters</Filter>
    </ClInclude>
    <ClInclude Include="Src\Utilities\LSNDelayedValue.h">
      <Filter>Header Files\Utilities</Filter>
    </ClInclude>
    <ClInclude Include="Src\Filters\LSNPalCrtFullFilter.h">
      <Filter>Header Files\Filters</Filter>
    </ClInclude>
    <ClInclude Include="Src\Filters\PAL-CRT-Full\pal_nes.h">
      <Filter>Header Files\Filters\PAL-CRT-Full</Filter>
    </ClInclude>
    <ClInclude Include="Src\Filters\PAL-CRT-Full\pal.h">
      <Filter>Header Files\Filters\PAL-CRT-Full</Filter>
    </ClInclude>
    <ClInclude Include="Src\Filters\PAL-CRT-Full\pal_core.h">
      <Filter>Header Files\Filters\PAL-CRT-Full</Filter>
    </ClInclude>
    <ClInclude Include="Src\Audio\LSNOpenAlContext.h">
      <Filter>Header Files\Audio</Filter>
    </ClInclude>
    <ClInclude Include="Src\Audio\LSNOpenAlBuffer.h">
      <Filter>Header Files\Audio</Filter>
    </ClInclude>
    <ClInclude Include="Src\Audio\LSNOpenAlSource.h">
      <Filter>Header Files\Audio</Filter>
    </ClInclude>
    <ClInclude Include="Src\Audio\LSNAudio.h">
      <Filter>Header Files\Audio</Filter>
    </ClInclude>
    <ClInclude Include="Src\Apu\LSNSequencer.h">
      <Filter>Header Files\Apu</Filter>
    </ClInclude>
    <ClInclude Include="Src\Apu\LSNPulse.h">
      <Filter>Header Files\Apu</Filter>
    </ClInclude>
    <ClInclude Include="Src\Apu\LSNApuUnit.h">
      <Filter>Header Files\Apu</Filter>
    </ClInclude>
    <ClInclude Include="Src\Audio\LSNSampleBucket.h">
      <Filter>Header Files\Audio</Filter>
    </ClInclude>
    <ClInclude Include="Src\System\LSNInterruptable.h">
      <Filter>Header Files\System</Filter>
    </ClInclude>
    <ClInclude Include="Src\Apu\LSNLengthCounter.h">
      <Filter>Header Files\Apu</Filter>
    </ClInclude>
    <ClInclude Include="Src\Apu\LSNEnvelope.h">
      <Filter>Header Files\Apu</Filter>
    </ClInclude>
    <ClInclude Include="Src\Apu\LSNSweeper.h">
      <Filter>Header Files\Apu</Filter>
    </ClInclude>
    <ClInclude Include="Src\Apu\LSNNoise.h">
      <Filter>Header Files\Apu</Filter>
    </ClInclude>
    <ClInclude Include="Src\Apu\LSNTriangle.h">
      <Filter>Header Files\Apu</Filter>
    </ClInclude>
    <ClInclude Include="Src\Apu\LSNLinearCounter.h">
      <Filter>Header Files\Apu</Filter>
    </ClInclude>
    <ClInclude Include="Src\Windows\Input\LSNControllerConfigurePage.h">
      <Filter>Header Files\Windows\Input</Filter>
    </ClInclude>
    <ClInclude Include="Src\Windows\Templates\LSNTemplatePageLayout.h">
      <Filter>Header Files\Windows\Templates</Filter>
    </ClInclude>
    <ClInclude Include="Src\Windows\Input\LSNStdControllerPageLayout.h">
      <Filter>Header Files\Windows\Input</Filter>
    </ClInclude>
    <ClInclude Include="Src\Windows\Input\LSNStdControllerPage.h">
      <Filter>Header Files\Windows\Input</Filter>
    </ClInclude>
    <ClInclude Include="Src\Options\LSNWindowOptions.h">
      <Filter>Header Files\Options</Filter>
    </ClInclude>
    <ClInclude Include="Src\Audio\LSNSincFilter.h">
      <Filter>Header Files\Audio</Filter>
    </ClInclude>
    <ClInclude Include="Src\Audio\LSNHpfFilter.h">
      <Filter>Header Files\Audio</Filter>
    </ClInclude>
    <ClInclude Include="Src\Audio\LSNAudioFilterBase.h">
      <Filter>Header Files\Audio</Filter>
    </ClInclude>
    <ClInclude Include="Src\Audio\LSNPoleFilterLeaky.h">
      <Filter>Header Files\Audio</Filter>
    </ClInclude>
    <ClInclude Include="Src\Audio\LSNPoleFilter.h">
      <Filter>Header Files\Audio</Filter>
    </ClInclude>
    <ClInclude Include="Src\Input\LSNControllerListener.h">
      <Filter>Header Files\Input</Filter>
    </ClInclude>
    <ClInclude Include="Src\Input\LSNInputEvent.h">
      <Filter>Header Files\Input</Filter>
    </ClInclude>
    <ClInclude Include="Src\Audio\LSNBiQuadFilter.h">
      <Filter>Header Files\Audio</Filter>
    </ClInclude>
    <ClInclude Include="Src\Audio\LSNBiQuadFilterChain.h">
      <Filter>Header Files\Audio</Filter>
    </ClInclude>
    <ClInclude Include="Src\Audio\LSNButterworthFilterImpl.h">
      <Filter>Header Files\Audio</Filter>
    </ClInclude>
    <ClInclude Include="Src\Audio\LSNButterworthFilter.h">
      <Filter>Header Files\Audio</Filter>
    </ClInclude>
    <ClInclude Include="Src\File\LSNFileMap.h">
      <Filter>Header Files\File</Filter>
    </ClInclude>
    <ClInclude Include="Src\Filters\LSNNtscLSpiroFilter.h">
      <Filter>Header Files\Filters</Filter>
    </ClInclude>
    <ClInclude Include="Src\Filters\LSNPalLSpiroFilter.h">
      <Filter>Header Files\Filters</Filter>
    </ClInclude>
  </ItemGroup>
  <ItemGroup>
    <ClCompile Include="Src\LSNLSpiroNes.cpp">
      <Filter>Source Files</Filter>
    </ClCompile>
    <ClCompile Include="Src\Bus\LSNBus.cpp">
      <Filter>Source Files\Bus</Filter>
    </ClCompile>
    <ClCompile Include="Src\Cpu\LSNCpu6502.cpp">
      <Filter>Source Files\Cpu</Filter>
    </ClCompile>
    <ClCompile Include="Src\MiniZ\miniz.c">
      <Filter>Source Files\MiniZ</Filter>
    </ClCompile>
    <ClCompile Include="Src\Time\LSNClock.cpp">
      <Filter>Source Files\Time</Filter>
    </ClCompile>
    <ClCompile Include="Src\File\LSNFileBase.cpp">
      <Filter>Source Files\File</Filter>
    </ClCompile>
    <ClCompile Include="Src\File\LSNStdFile.cpp">
      <Filter>Source Files\File</Filter>
    </ClCompile>
    <ClCompile Include="Src\File\LSNZipFile.cpp">
      <Filter>Source Files\File</Filter>
    </ClCompile>
    <ClCompile Include="Src\Utilities\LSNUtilities.cpp">
      <Filter>Source Files\Utilities</Filter>
    </ClCompile>
    <ClCompile Include="Src\Roms\LSNRom.cpp">
      <Filter>Source Files\Roms</Filter>
    </ClCompile>
    <ClCompile Include="Src\Roms\LSNRomInfo.cpp">
      <Filter>Source Files\Roms</Filter>
    </ClCompile>
    <ClCompile Include="Src\System\LSNSystem.cpp">
      <Filter>Source Files\System</Filter>
    </ClCompile>
    <ClCompile Include="Src\Windows\Layout\LSNLayoutManager.cpp">
      <Filter>Source Files\Windows\Layout</Filter>
    </ClCompile>
    <ClCompile Include="Src\Windows\MainWindow\LSNMainWindowLayout.cpp">
      <Filter>Source Files\Windows\MainWindow</Filter>
    </ClCompile>
    <ClCompile Include="Src\Windows\MainWindow\LSNMainWindow.cpp">
      <Filter>Source Files\Windows\MainWindow</Filter>
    </ClCompile>
    <ClCompile Include="Src\Windows\SelectRom\LSNSelectRomDialog.cpp">
      <Filter>Source Files\Windows\SelectRom</Filter>
    </ClCompile>
    <ClCompile Include="Src\Windows\SelectRom\LSNSelectRomDialogLayout.cpp">
      <Filter>Source Files\Windows\SelectRom</Filter>
    </ClCompile>
    <ClCompile Include="Src\Display\LSNDisplayClient.cpp">
      <Filter>Source Files\Display</Filter>
    </ClCompile>
    <ClCompile Include="Src\Display\LSNDisplayHost.cpp">
      <Filter>Source Files\Display</Filter>
    </ClCompile>
    <ClCompile Include="Src\Crc\LSNCrc.cpp">
      <Filter>Source Files\Crc</Filter>
    </ClCompile>
    <ClCompile Include="Src\Database\LSNDatabase.cpp">
      <Filter>Source Files\Database</Filter>
    </ClCompile>
    <ClCompile Include="Src\Filters\nes_ntsc\nes_ntsc.c">
      <Filter>Source Files\Filters\nes_ntsc</Filter>
    </ClCompile>
    <ClCompile Include="Src\Windows\Input\LSNInputWindowLayout.cpp">
      <Filter>Source Files\Windows\Input</Filter>
    </ClCompile>
    <ClCompile Include="Src\System\LSNSystemBase.cpp">
      <Filter>Source Files\System</Filter>
    </ClCompile>
    <ClCompile Include="Src\Audio\LSNOpenAl.cpp">
      <Filter>Source Files\Audio</Filter>
    </ClCompile>
    <ClCompile Include="Src\Audio\LSNOpenAlDevice.cpp">
      <Filter>Source Files\Audio</Filter>
    </ClCompile>
    <ClCompile Include="Src\Audio\LSNOpenAlGetError.cpp">
      <Filter>Source Files\Audio</Filter>
    </ClCompile>
    <ClCompile Include="Src\Filters\LSNFilterBase.cpp">
      <Filter>Source Files\Filters</Filter>
    </ClCompile>
    <ClCompile Include="Src\Filters\LSNNtscBlarggFilter.cpp">
      <Filter>Source Files\Filters</Filter>
    </ClCompile>
    <ClCompile Include="Src\Filters\LSNRgb24Filter.cpp">
      <Filter>Source Files\Filters</Filter>
    </ClCompile>
    <ClCompile Include="Src\Filters\LSNPalBlarggFilter.cpp">
      <Filter>Source Files\Filters</Filter>
    </ClCompile>
    <ClCompile Include="Src\Input\LSNDirectInput8.cpp">
      <Filter>Source Files\Input</Filter>
    </ClCompile>
    <ClCompile Include="Src\Input\LSNUsbControllerBase.cpp">
      <Filter>Source Files\Input</Filter>
    </ClCompile>
    <ClCompile Include="Src\Input\LSNDirectInput8Controller.cpp">
      <Filter>Source Files\Input</Filter>
    </ClCompile>
    <ClCompile Include="Src\Input\LSNWindowsKeyboard.cpp">
      <Filter>Source Files\Input</Filter>
    </ClCompile>
    <ClCompile Include="Src\Event\LSNEvent.cpp">
      <Filter>Source Files\Event</Filter>
    </ClCompile>
    <ClCompile Include="Src\Windows\Input\LSNInputWindow.cpp">
      <Filter>Source Files\Windows\Input</Filter>
    </ClCompile>
    <ClCompile Include="Src\Windows\Input\LSNInputPage.cpp">
      <Filter>Source Files\Windows\Input</Filter>
    </ClCompile>
    <ClCompile Include="Src\Filters\LSNBiLinearPostProcess.cpp">
      <Filter>Source Files\Filters</Filter>
    </ClCompile>
    <ClCompile Include="Src\Windows\Templates\LSNTemplatePage.cpp">
      <Filter>Source Files\Windows\Templates</Filter>
    </ClCompile>
    <ClCompile Include="Src\BeesNES\LSNBeesNes.cpp">
      <Filter>Source Files\BeesNES</Filter>
    </ClCompile>
    <ClCompile Include="Src\Filters\NTSC-CRT-Full\crt_core.c">
      <Filter>Source Files\Filters\NTSC-CRT-Full</Filter>
    </ClCompile>
    <ClCompile Include="Src\Filters\NTSC-CRT-Full\crt_nes.c">
      <Filter>Source Files\Filters\NTSC-CRT-Full</Filter>
    </ClCompile>
    <ClCompile Include="Src\Filters\NTSC-CRT-Full\crt_ntsc.c">
      <Filter>Source Files\Filters\NTSC-CRT-Full</Filter>
    </ClCompile>
    <ClCompile Include="Src\Filters\LSNNtscCrtFullFilter.cpp">
      <Filter>Source Files\Filters</Filter>
    </ClCompile>
    <ClCompile Include="Src\Windows\WinUtilities\LSNWinUtilities.cpp">
      <Filter>Source Files\Windows\WinUtilities</Filter>
    </ClCompile>
    <ClCompile Include="Src\Windows\Input\LSNInputConfigurePage.cpp">
      <Filter>Source Files\Windows\Input</Filter>
    </ClCompile>
    <ClCompile Include="Src\Windows\Input\LSNControllerSetupWindow.cpp">
      <Filter>Source Files\Windows\Input</Filter>
    </ClCompile>
    <ClCompile Include="Src\Windows\Input\LSNControllerSetupWindowLayout.cpp">
      <Filter>Source Files\Windows\Input</Filter>
    </ClCompile>
    <ClCompile Include="Src\Filters\LSNSrgbPostProcess.cpp">
      <Filter>Source Files\Filters</Filter>
    </ClCompile>
    <ClCompile Include="Src\Filters\LSNBleedPostProcess.cpp">
      <Filter>Source Files\Filters</Filter>
    </ClCompile>
    <ClCompile Include="Src\Filters\LSNPalCrtFullFilter.cpp">
      <Filter>Source Files\Filters</Filter>
    </ClCompile>
    <ClCompile Include="Src\Filters\PAL-CRT-Full\pal.c">
      <Filter>Source Files\Filters\PAL-CRT-Full</Filter>
    </ClCompile>
    <ClCompile Include="Src\Filters\PAL-CRT-Full\pal_core.c">
      <Filter>Source Files\Filters\PAL-CRT-Full</Filter>
    </ClCompile>
    <ClCompile Include="Src\Filters\PAL-CRT-Full\pal_nes.c">
      <Filter>Source Files\Filters\PAL-CRT-Full</Filter>
    </ClCompile>
    <ClCompile Include="Src\Audio\LSNOpenAlContext.cpp">
      <Filter>Source Files\Audio</Filter>
    </ClCompile>
    <ClCompile Include="Src\Audio\LSNOpenAlBuffer.cpp">
      <Filter>Source Files\Audio</Filter>
    </ClCompile>
    <ClCompile Include="Src\Audio\LSNOpenAlSource.cpp">
      <Filter>Source Files\Audio</Filter>
    </ClCompile>
    <ClCompile Include="Src\Audio\LSNAudio.cpp">
      <Filter>Source Files\Audio</Filter>
    </ClCompile>
    <ClCompile Include="Src\Apu\LSNSequencer.cpp">
      <Filter>Source Files\Apu</Filter>
    </ClCompile>
    <ClCompile Include="Src\Apu\LSNPulse.cpp">
      <Filter>Source Files\Apu</Filter>
    </ClCompile>
    <ClCompile Include="Src\Apu\LSNApuUnit.cpp">
      <Filter>Source Files\Apu</Filter>
    </ClCompile>
    <ClCompile Include="Src\Apu\LSNNoise.cpp">
      <Filter>Source Files\Apu</Filter>
    </ClCompile>
    <ClCompile Include="Src\Apu\LSNTriangle.cpp">
      <Filter>Source Files\Apu</Filter>
    </ClCompile>
    <ClCompile Include="Src\Windows\Input\LSNControllerConfigurePage.cpp">
      <Filter>Source Files\Windows\Input</Filter>
    </ClCompile>
    <ClCompile Include="Src\Windows\Templates\LSNTemplatePageLayout.cpp">
      <Filter>Source Files\Windows\Templates</Filter>
    </ClCompile>
    <ClCompile Include="Src\Windows\Input\LSNStdControllerPageLayout.cpp">
      <Filter>Source Files\Windows\Input</Filter>
    </ClCompile>
    <ClCompile Include="Src\Windows\Input\LSNStdControllerPage.cpp">
      <Filter>Source Files\Windows\Input</Filter>
    </ClCompile>
    <ClCompile Include="Src\Input\LSNControllerListener.cpp">
      <Filter>Source Files\Input</Filter>
    </ClCompile>
    <ClCompile Include="Src\Audio\LSNBiQuadFilterChain.cpp">
      <Filter>Source Files\Audio</Filter>
    </ClCompile>
    <ClCompile Include="Src\Audio\LSNButterworthFilterImpl.cpp">
      <Filter>Source Files\Audio</Filter>
    </ClCompile>
    <ClCompile Include="Src\File\LSNFileMap.cpp">
      <Filter>Source Files\File</Filter>
    </ClCompile>
    <ClCompile Include="Src\Filters\LSNNtscLSpiroFilter.cpp">
      <Filter>Source Files\Filters</Filter>
    </ClCompile>
    <ClCompile Include="Src\Filters\LSNPalLSpiroFilter.cpp">
      <Filter>Source Files\Filters</Filter>
    </ClCompile>
  </ItemGroup>
  <ItemGroup>
    <None Include="Src\Cpu\LSNInstMetaData.inl">
      <Filter>Header Files\Cpu</Filter>
    </None>
    <None Include="Src\Ppu\LSNCreateCycleTableNtsc.inl">
      <Filter>Header Files\Ppu</Filter>
    </None>
    <None Include="Src\Ppu\LSNCreateCycleTablePal.inl">
      <Filter>Header Files\Ppu</Filter>
    </None>
    <None Include="Src\Ppu\LSNCreateCycleTableDendy.inl">
      <Filter>Header Files\Ppu</Filter>
    </None>
    <None Include="Src\Ppu\LSNGenFuncsDendy.inl">
      <Filter>Header Files\Ppu</Filter>
    </None>
    <None Include="Src\Ppu\LSNGenFuncsNtsc.inl">
      <Filter>Header Files\Ppu</Filter>
    </None>
    <None Include="Src\Ppu\LSNGenFuncsPal.inl">
      <Filter>Header Files\Ppu</Filter>
    </None>
  </ItemGroup>
  <ItemGroup>
    <Manifest Include="L. Spiro NES.exe.intermediate.manifest">
      <Filter>Resource Files</Filter>
    </Manifest>
  </ItemGroup>
  <ItemGroup>
    <Text Include="Src\Localization\LSNLanguageCodes.txt">
      <Filter>Header Files\Localization</Filter>
    </Text>
  </ItemGroup>
  <ItemGroup>
    <Image Include="Icon.ico">
      <Filter>Resource Files</Filter>
    </Image>
    <Image Include="Resources\icons8-bee-16.ico">
      <Filter>Resource Files</Filter>
    </Image>
    <Image Include="Resources\icons8-bee-32.ico">
      <Filter>Resource Files</Filter>
    </Image>
    <Image Include="Resources\icons8-bee-64.png">
      <Filter>Resource Files</Filter>
    </Image>
  </ItemGroup>
  <ItemGroup>
    <ResourceCompile Include="L. Spiro NES.rc">
      <Filter>Resource Files</Filter>
    </ResourceCompile>
  </ItemGroup>
  <ItemGroup>
    <MASM Include="Src\OS\LSNSinCos.asm">
      <Filter>Source Files\OS</Filter>
    </MASM>
  </ItemGroup>
</Project>